<?xml version="1.0" encoding="utf-8"?>
<Project ToolsVersion="4.0" xmlns="http://schemas.microsoft.com/developer/msbuild/2003">
  <ItemGroup>
    <Filter Include="Source Files">
      <UniqueIdentifier>{4FC737F1-C7A5-4376-A066-2A32D752A2FF}</UniqueIdentifier>
      <Extensions>cpp;c;cc;cxx;def;odl;idl;hpj;bat;asm;asmx</Extensions>
    </Filter>
    <Filter Include="Header Files">
      <UniqueIdentifier>{93995380-89BD-4b04-88EB-625FBE52EBFB}</UniqueIdentifier>
      <Extensions>h;hh;hpp;hxx;hm;inl;inc;xsd</Extensions>
    </Filter>
    <Filter Include="Resource Files">
      <UniqueIdentifier>{67DA6AB6-F800-4c08-8B7A-83BB121AAD01}</UniqueIdentifier>
      <Extensions>rc;ico;cur;bmp;dlg;rc2;rct;bin;rgs;gif;jpg;jpeg;jpe;resx;tiff;tif;png;wav;mfcribbon-ms</Extensions>
    </Filter>
  </ItemGroup>
  <ItemGroup>
    <ClCompile Include="driverMain.cpp">
      <Filter>Source Files</Filter>
    </ClCompile>
    <ClCompile Include="dataSet_1.cpp">
      <Filter>Source Files</Filter>
    </ClCompile>
    <ClCompile Include="DataSet.cpp">
      <Filter>Source Files</Filter>
    </ClCompile>
    <ClCompile Include="dataSet_2A.cpp">
      <Filter>Source Files</Filter>
    </ClCompile>
    <ClCompile Include="dataSet_2B.cpp">
      <Filter>Source Files</Filter>
    </ClCompile>
    <ClCompile Include="dataSet_3.cpp">
      <Filter>Source Files</Filter>
    </ClCompile>
    <ClCompile Include="dataSet_4.cpp">
      <Filter>Source Files</Filter>
    </ClCompile>
    <ClCompile Include="dataSet_5.cpp">
      <Filter>Source Files</Filter>
    </ClCompile>
    <ClCompile Include="dataSet_6.cpp">
      <Filter>Source Files</Filter>
    </ClCompile>
    <ClCompile Include="Schedule.cpp">
      <Filter>Source Files</Filter>
    </ClCompile>
    <ClCompile Include="TimeList.cpp">
      <Filter>Source Files</Filter>
    </ClCompile>
    <ClCompile Include="TimeCycle.cpp">
      <Filter>Source Files</Filter>
    </ClCompile>
    <ClCompile Include="StepList.cpp">
      <Filter>Source Files</Filter>
    </ClCompile>
    <ClCompile Include="StepCycle.cpp">
      <Filter>Source Files</Filter>
    </ClCompile>
    <ClCompile Include="dataSet_7A.cpp">
      <Filter>Source Files</Filter>
    </ClCompile>
    <ClCompile Include="dataSet_7B.cpp">
      <Filter>Source Files</Filter>
    </ClCompile>
    <ClCompile Include="dataSet_7C.cpp">
      <Filter>Source Files</Filter>
    </ClCompile>
    <ClCompile Include="dataSet_8.cpp">
      <Filter>Source Files</Filter>
    </ClCompile>
    <ClCompile Include="Observation.cpp">
      <Filter>Source Files</Filter>
    </ClCompile>
    <ClCompile Include="dataSet_8D.cpp">
      <Filter>Source Files</Filter>
    </ClCompile>
    <ClCompile Include="dataSet_8E.cpp">
      <Filter>Source Files</Filter>
    </ClCompile>
    <ClCompile Include="dataSet_12.cpp">
      <Filter>Source Files</Filter>
    </ClCompile>
    <ClCompile Include="dataSet_14B.cpp">
      <Filter>Source Files</Filter>
    </ClCompile>
    <ClCompile Include="Timer.cpp">
      <Filter>Source Files</Filter>
    </ClCompile>
    <ClCompile Include="dataSet_15A.cpp">
      <Filter>Source Files</Filter>
    </ClCompile>
    <ClCompile Include="dataSet_15B.cpp">
      <Filter>Source Files</Filter>
    </ClCompile>
    <ClCompile Include="dataSet_17.cpp">
      <Filter>Source Files</Filter>
    </ClCompile>
    <ClCompile Include="dataSet_18.cpp">
      <Filter>Source Files</Filter>
    </ClCompile>
    <ClCompile Include="dataSet_19.cpp">
      <Filter>Source Files</Filter>
    </ClCompile>
    <ClCompile Include="dataSet_20.cpp">
      <Filter>Source Files</Filter>
    </ClCompile>
    <ClCompile Include="dataSet_22.cpp">
      <Filter>Source Files</Filter>
    </ClCompile>
    <ClCompile Include="Node.cpp">
      <Filter>Source Files</Filter>
    </ClCompile>
    <ClCompile Include="Element.cpp">
      <Filter>Source Files</Filter>
    </ClCompile>
    <ClCompile Include="initialConditions.cpp">
      <Filter>Source Files</Filter>
    </ClCompile>
  </ItemGroup>
  <ItemGroup>
    <ClInclude Include="dataSet_1.h">
      <Filter>Header Files</Filter>
    </ClInclude>
    <ClInclude Include="DataSet.h">
      <Filter>Header Files</Filter>
    </ClInclude>
    <ClInclude Include="dataSet_2A.h">
      <Filter>Header Files</Filter>
    </ClInclude>
    <ClInclude Include="dataSet_2B.h">
      <Filter>Header Files</Filter>
    </ClInclude>
    <ClInclude Include="dataSet_3.h">
      <Filter>Header Files</Filter>
    </ClInclude>
    <ClInclude Include="dataSet_4.h">
      <Filter>Header Files</Filter>
    </ClInclude>
    <ClInclude Include="dataSet_5.h">
      <Filter>Header Files</Filter>
    </ClInclude>
    <ClInclude Include="dataSet_6.h">
      <Filter>Header Files</Filter>
    </ClInclude>
    <ClInclude Include="Schedule.h">
      <Filter>Header Files</Filter>
    </ClInclude>
    <ClInclude Include="TimeList.h">
      <Filter>Header Files</Filter>
    </ClInclude>
    <ClInclude Include="TimeCycle.h">
      <Filter>Header Files</Filter>
    </ClInclude>
    <ClInclude Include="StepList.h">
      <Filter>Header Files</Filter>
    </ClInclude>
    <ClInclude Include="StepCycle.h">
      <Filter>Header Files</Filter>
    </ClInclude>
    <ClInclude Include="dataSet_7A.h">
      <Filter>Header Files</Filter>
    </ClInclude>
    <ClInclude Include="dataSet_7B.h">
      <Filter>Header Files</Filter>
    </ClInclude>
    <ClInclude Include="dataSet_7C.h">
      <Filter>Header Files</Filter>
    </ClInclude>
    <ClInclude Include="dataSet_8.h">
      <Filter>Header Files</Filter>
    </ClInclude>
    <ClInclude Include="Observation.h">
      <Filter>Header Files</Filter>
    </ClInclude>
    <ClInclude Include="dataSet_8D.h">
      <Filter>Header Files</Filter>
    </ClInclude>
    <ClInclude Include="dataSet_8E.h">
      <Filter>Header Files</Filter>
    </ClInclude>
    <ClInclude Include="dataSet_12.h">
      <Filter>Header Files</Filter>
    </ClInclude>
    <ClInclude Include="dataSet_14B.h">
      <Filter>Header Files</Filter>
    </ClInclude>
    <ClInclude Include="Timer.h">
      <Filter>Header Files</Filter>
    </ClInclude>
    <ClInclude Include="dataSet_15A.h">
      <Filter>Header Files</Filter>
    </ClInclude>
    <ClInclude Include="dataSet_15B.h">
      <Filter>Header Files</Filter>
    </ClInclude>
    <ClInclude Include="dataSet_17.h">
      <Filter>Header Files</Filter>
    </ClInclude>
    <ClInclude Include="dataSet_18.h">
      <Filter>Header Files</Filter>
    </ClInclude>
    <ClInclude Include="dataSet_19.h">
      <Filter>Header Files</Filter>
    </ClInclude>
    <ClInclude Include="dataSet_20.h">
      <Filter>Header Files</Filter>
    </ClInclude>
    <ClInclude Include="dataSet_22.h">
      <Filter>Header Files</Filter>
    </ClInclude>
    <ClInclude Include="Node.h">
      <Filter>Header Files</Filter>
    </ClInclude>
    <ClInclude Include="Element.h">
      <Filter>Header Files</Filter>
    </ClInclude>
    <ClInclude Include="initialConditions.h">
      <Filter>Header Files</Filter>
    </ClInclude>
  </ItemGroup>
</Project>